// !$*UTF8*$!
{
	archiveVersion = 1;
	classes = {
	};
	objectVersion = 46;
	objects = {

/* Begin PBXBuildFile section */
		40D6456D1E44304900704490 /* AppDelegate.swift in Sources */ = {isa = PBXBuildFile; fileRef = 40D6456C1E44304900704490 /* AppDelegate.swift */; };
		40D6456F1E44304900704490 /* CategoriesViewController.swift in Sources */ = {isa = PBXBuildFile; fileRef = 40D6456E1E44304900704490 /* CategoriesViewController.swift */; };
		40D645741E44304900704490 /* Assets.xcassets in Resources */ = {isa = PBXBuildFile; fileRef = 40D645731E44304900704490 /* Assets.xcassets */; };
		40D645771E44304900704490 /* LaunchScreen.storyboard in Resources */ = {isa = PBXBuildFile; fileRef = 40D645751E44304900704490 /* LaunchScreen.storyboard */; };
		40D6457F1E4430A100704490 /* PersistenceController.swift in Sources */ = {isa = PBXBuildFile; fileRef = 40D6457E1E4430A100704490 /* PersistenceController.swift */; };
		40D645841E44377A00704490 /* ItemsViewController.swift in Sources */ = {isa = PBXBuildFile; fileRef = 40D645831E44377A00704490 /* ItemsViewController.swift */; };
		40D645861E445B9200704490 /* Main.storyboard in Resources */ = {isa = PBXBuildFile; fileRef = 40D645851E445B9200704490 /* Main.storyboard */; };
		40D645881E44655600704490 /* CreateCategoryViewController.swift in Sources */ = {isa = PBXBuildFile; fileRef = 40D645871E44655600704490 /* CreateCategoryViewController.swift */; };
		40D6458A1E446E2C00704490 /* CreateItemViewController.swift in Sources */ = {isa = PBXBuildFile; fileRef = 40D645891E446E2C00704490 /* CreateItemViewController.swift */; };
		40D645911E447F2A00704490 /* DetectBrandMigrationPolicy.swift in Sources */ = {isa = PBXBuildFile; fileRef = 40D645901E447F2A00704490 /* DetectBrandMigrationPolicy.swift */; };
		40D6459D1E4489F300704490 /* Model.xcdatamodeld in Sources */ = {isa = PBXBuildFile; fileRef = 40D6459A1E4489F300704490 /* Model.xcdatamodeld */; };
		40D6459F1E448AAE00704490 /* Model.xcmappingmodel in Sources */ = {isa = PBXBuildFile; fileRef = 40D6459E1E448AAE00704490 /* Model.xcmappingmodel */; };
/* End PBXBuildFile section */

/* Begin PBXFileReference section */
		40D645691E44304900704490 /* Shop.app */ = {isa = PBXFileReference; explicitFileType = wrapper.application; includeInIndex = 0; path = Shop.app; sourceTree = BUILT_PRODUCTS_DIR; };
		40D6456C1E44304900704490 /* AppDelegate.swift */ = {isa = PBXFileReference; lastKnownFileType = sourcecode.swift; path = AppDelegate.swift; sourceTree = "<group>"; };
		40D6456E1E44304900704490 /* CategoriesViewController.swift */ = {isa = PBXFileReference; lastKnownFileType = sourcecode.swift; path = CategoriesViewController.swift; sourceTree = "<group>"; };
		40D645731E44304900704490 /* Assets.xcassets */ = {isa = PBXFileReference; lastKnownFileType = folder.assetcatalog; path = Assets.xcassets; sourceTree = "<group>"; };
		40D645761E44304900704490 /* Base */ = {isa = PBXFileReference; lastKnownFileType = file.storyboard; name = Base; path = Base.lproj/LaunchScreen.storyboard; sourceTree = "<group>"; };
		40D645781E44304900704490 /* Info.plist */ = {isa = PBXFileReference; lastKnownFileType = text.plist.xml; path = Info.plist; sourceTree = "<group>"; };
		40D6457E1E4430A100704490 /* PersistenceController.swift */ = {isa = PBXFileReference; fileEncoding = 4; lastKnownFileType = sourcecode.swift; path = PersistenceController.swift; sourceTree = "<group>"; };
		40D645831E44377A00704490 /* ItemsViewController.swift */ = {isa = PBXFileReference; fileEncoding = 4; lastKnownFileType = sourcecode.swift; path = ItemsViewController.swift; sourceTree = "<group>"; };
		40D645851E445B9200704490 /* Main.storyboard */ = {isa = PBXFileReference; fileEncoding = 4; lastKnownFileType = file.storyboard; path = Main.storyboard; sourceTree = "<group>"; };
		40D645871E44655600704490 /* CreateCategoryViewController.swift */ = {isa = PBXFileReference; fileEncoding = 4; lastKnownFileType = sourcecode.swift; path = CreateCategoryViewController.swift; sourceTree = "<group>"; };
		40D645891E446E2C00704490 /* CreateItemViewController.swift */ = {isa = PBXFileReference; fileEncoding = 4; lastKnownFileType = sourcecode.swift; path = CreateItemViewController.swift; sourceTree = "<group>"; };
		40D645901E447F2A00704490 /* DetectBrandMigrationPolicy.swift */ = {isa = PBXFileReference; fileEncoding = 4; lastKnownFileType = sourcecode.swift; path = DetectBrandMigrationPolicy.swift; sourceTree = "<group>"; };
		40D6459B1E4489F300704490 /* V1.xcdatamodel */ = {isa = PBXFileReference; lastKnownFileType = wrapper.xcdatamodel; path = V1.xcdatamodel; sourceTree = "<group>"; };
		40D6459C1E4489F300704490 /* V2.xcdatamodel */ = {isa = PBXFileReference; lastKnownFileType = wrapper.xcdatamodel; path = V2.xcdatamodel; sourceTree = "<group>"; };
		40D6459E1E448AAE00704490 /* Model.xcmappingmodel */ = {isa = PBXFileReference; lastKnownFileType = wrapper.xcmappingmodel; path = Model.xcmappingmodel; sourceTree = "<group>"; };
/* End PBXFileReference section */

/* Begin PBXFrameworksBuildPhase section */
		40D645661E44304900704490 /* Frameworks */ = {
			isa = PBXFrameworksBuildPhase;
			buildActionMask = 2147483647;
			files = (
			);
			runOnlyForDeploymentPostprocessing = 0;
		};
/* End PBXFrameworksBuildPhase section */

/* Begin PBXGroup section */
		40D645601E44304900704490 = {
			isa = PBXGroup;
			children = (
				40D6456B1E44304900704490 /* Shop */,
				40D6456A1E44304900704490 /* Products */,
			);
			sourceTree = "<group>";
		};
		40D6456A1E44304900704490 /* Products */ = {
			isa = PBXGroup;
			children = (
				40D645691E44304900704490 /* Shop.app */,
			);
			name = Products;
			sourceTree = "<group>";
		};
		40D6456B1E44304900704490 /* Shop */ = {
			isa = PBXGroup;
			children = (
				40D645731E44304900704490 /* Assets.xcassets */,
				40D645781E44304900704490 /* Info.plist */,
				40D6459A1E4489F300704490 /* Model.xcdatamodeld */,
				40D6459E1E448AAE00704490 /* Model.xcmappingmodel */,
				40D645751E44304900704490 /* LaunchScreen.storyboard */,
				40D645851E445B9200704490 /* Main.storyboard */,
				40D6456C1E44304900704490 /* AppDelegate.swift */,
				40D6456E1E44304900704490 /* CategoriesViewController.swift */,
				40D645831E44377A00704490 /* ItemsViewController.swift */,
				40D645871E44655600704490 /* CreateCategoryViewController.swift */,
				40D645891E446E2C00704490 /* CreateItemViewController.swift */,
				40D6457E1E4430A100704490 /* PersistenceController.swift */,
				40D645901E447F2A00704490 /* DetectBrandMigrationPolicy.swift */,
			);
			path = Shop;
			sourceTree = "<group>";
		};
/* End PBXGroup section */

/* Begin PBXNativeTarget section */
		40D645681E44304900704490 /* Shop */ = {
			isa = PBXNativeTarget;
			buildConfigurationList = 40D6457B1E44304900704490 /* Build configuration list for PBXNativeTarget "Shop" */;
			buildPhases = (
				40D645651E44304900704490 /* Sources */,
				40D645661E44304900704490 /* Frameworks */,
				40D645671E44304900704490 /* Resources */,
			);
			buildRules = (
			);
			dependencies = (
			);
			name = Shop;
			productName = Shop;
			productReference = 40D645691E44304900704490 /* Shop.app */;
			productType = "com.apple.product-type.application";
		};
/* End PBXNativeTarget section */

/* Begin PBXProject section */
		40D645611E44304900704490 /* Project object */ = {
			isa = PBXProject;
			attributes = {
				LastSwiftUpdateCheck = 0820;
				LastUpgradeCheck = 0820;
				ORGANIZATIONNAME = "Dan Thought Studio";
				TargetAttributes = {
					40D645681E44304900704490 = {
						CreatedOnToolsVersion = 8.2.1;
						DevelopmentTeam = SLM6SZ8JH3;
						ProvisioningStyle = Automatic;
					};
				};
			};
			buildConfigurationList = 40D645641E44304900704490 /* Build configuration list for PBXProject "Shop" */;
			compatibilityVersion = "Xcode 3.2";
			developmentRegion = English;
			hasScannedForEncodings = 0;
			knownRegions = (
				en,
				Base,
			);
			mainGroup = 40D645601E44304900704490;
			productRefGroup = 40D6456A1E44304900704490 /* Products */;
			projectDirPath = "";
			projectRoot = "";
			targets = (
				40D645681E44304900704490 /* Shop */,
			);
		};
/* End PBXProject section */

/* Begin PBXResourcesBuildPhase section */
		40D645671E44304900704490 /* Resources */ = {
			isa = PBXResourcesBuildPhase;
			buildActionMask = 2147483647;
			files = (
				40D645771E44304900704490 /* LaunchScreen.storyboard in Resources */,
				40D645741E44304900704490 /* Assets.xcassets in Resources */,
				40D645861E445B9200704490 /* Main.storyboard in Resources */,
			);
			runOnlyForDeploymentPostprocessing = 0;
		};
/* End PBXResourcesBuildPhase section */

/* Begin PBXSourcesBuildPhase section */
		40D645651E44304900704490 /* Sources */ = {
			isa = PBXSourcesBuildPhase;
			buildActionMask = 2147483647;
			files = (
				40D645881E44655600704490 /* CreateCategoryViewController.swift in Sources */,
				40D645841E44377A00704490 /* ItemsViewController.swift in Sources */,
				40D6457F1E4430A100704490 /* PersistenceController.swift in Sources */,
				40D6459D1E4489F300704490 /* Model.xcdatamodeld in Sources */,
				40D645911E447F2A00704490 /* DetectBrandMigrationPolicy.swift in Sources */,
				40D6456F1E44304900704490 /* CategoriesViewController.swift in Sources */,
				40D6458A1E446E2C00704490 /* CreateItemViewController.swift in Sources */,
				40D6456D1E44304900704490 /* AppDelegate.swift in Sources */,
				40D6459F1E448AAE00704490 /* Model.xcmappingmodel in Sources */,
			);
			runOnlyForDeploymentPostprocessing = 0;
		};
/* End PBXSourcesBuildPhase section */

/* Begin PBXVariantGroup section */
		40D645751E44304900704490 /* LaunchScreen.storyboard */ = {
			isa = PBXVariantGroup;
			children = (
				40D645761E44304900704490 /* Base */,
			);
			name = LaunchScreen.storyboard;
			sourceTree = "<group>";
		};
/* End PBXVariantGroup section */

/* Begin XCBuildConfiguration section */
		40D645791E44304900704490 /* Debug */ = {
			isa = XCBuildConfiguration;
			buildSettings = {
				ALWAYS_SEARCH_USER_PATHS = NO;
				CLANG_ANALYZER_NONNULL = YES;
				CLANG_CXX_LANGUAGE_STANDARD = "gnu++0x";
				CLANG_CXX_LIBRARY = "libc++";
				CLANG_ENABLE_MODULES = YES;
				CLANG_ENABLE_OBJC_ARC = YES;
				CLANG_WARN_BOOL_CONVERSION = YES;
				CLANG_WARN_CONSTANT_CONVERSION = YES;
				CLANG_WARN_DIRECT_OBJC_ISA_USAGE = YES_ERROR;
				CLANG_WARN_DOCUMENTATION_COMMENTS = YES;
				CLANG_WARN_EMPTY_BODY = YES;
				CLANG_WARN_ENUM_CONVERSION = YES;
				CLANG_WARN_INFINITE_RECURSION = YES;
				CLANG_WARN_INT_CONVERSION = YES;
				CLANG_WARN_OBJC_ROOT_CLASS = YES_ERROR;
				CLANG_WARN_SUSPICIOUS_MOVE = YES;
				CLANG_WARN_UNREACHABLE_CODE = YES;
				CLANG_WARN__DUPLICATE_METHOD_MATCH = YES;
				"CODE_SIGN_IDENTITY[sdk=iphoneos*]" = "iPhone Developer";
				COPY_PHASE_STRIP = NO;
				DEBUG_INFORMATION_FORMAT = dwarf;
				ENABLE_STRICT_OBJC_MSGSEND = YES;
				ENABLE_TESTABILITY = YES;
				GCC_C_LANGUAGE_STANDARD = gnu99;
				GCC_DYNAMIC_NO_PIC = NO;
				GCC_NO_COMMON_BLOCKS = YES;
				GCC_OPTIMIZATION_LEVEL = 0;
				GCC_PREPROCESSOR_DEFINITIONS = (
					"DEBUG=1",
					"$(inherited)",
				);
				GCC_WARN_64_TO_32_BIT_CONVERSION = YES;
				GCC_WARN_ABOUT_RETURN_TYPE = YES_ERROR;
				GCC_WARN_UNDECLARED_SELECTOR = YES;
				GCC_WARN_UNINITIALIZED_AUTOS = YES_AGGRESSIVE;
				GCC_WARN_UNUSED_FUNCTION = YES;
				GCC_WARN_UNUSED_VARIABLE = YES;
				IPHONEOS_DEPLOYMENT_TARGET = 10.2;
				MTL_ENABLE_DEBUG_INFO = YES;
				ONLY_ACTIVE_ARCH = YES;
				SDKROOT = iphoneos;
				SWIFT_ACTIVE_COMPILATION_CONDITIONS = DEBUG;
				SWIFT_OPTIMIZATION_LEVEL = "-Onone";
			};
			name = Debug;
		};
		40D6457A1E44304900704490 /* Release */ = {
			isa = XCBuildConfiguration;
			buildSettings = {
				ALWAYS_SEARCH_USER_PATHS = NO;
				CLANG_ANALYZER_NONNULL = YES;
				CLANG_CXX_LANGUAGE_STANDARD = "gnu++0x";
				CLANG_CXX_LIBRARY = "libc++";
				CLANG_ENABLE_MODULES = YES;
				CLANG_ENABLE_OBJC_ARC = YES;
				CLANG_WARN_BOOL_CONVERSION = YES;
				CLANG_WARN_CONSTANT_CONVERSION = YES;
				CLANG_WARN_DIRECT_OBJC_ISA_USAGE = YES_ERROR;
				CLANG_WARN_DOCUMENTATION_COMMENTS = YES;
				CLANG_WARN_EMPTY_BODY = YES;
				CLANG_WARN_ENUM_CONVERSION = YES;
				CLANG_WARN_INFINITE_RECURSION = YES;
				CLANG_WARN_INT_CONVERSION = YES;
				CLANG_WARN_OBJC_ROOT_CLASS = YES_ERROR;
				CLANG_WARN_SUSPICIOUS_MOVE = YES;
				CLANG_WARN_UNREACHABLE_CODE = YES;
				CLANG_WARN__DUPLICATE_METHOD_MATCH = YES;
				"CODE_SIGN_IDENTITY[sdk=iphoneos*]" = "iPhone Developer";
				COPY_PHASE_STRIP = NO;
				DEBUG_INFORMATION_FORMAT = "dwarf-with-dsym";
				ENABLE_NS_ASSERTIONS = NO;
				ENABLE_STRICT_OBJC_MSGSEND = YES;
				GCC_C_LANGUAGE_STANDARD = gnu99;
				GCC_NO_COMMON_BLOCKS = YES;
				GCC_WARN_64_TO_32_BIT_CONVERSION = YES;
				GCC_WARN_ABOUT_RETURN_TYPE = YES_ERROR;
				GCC_WARN_UNDECLARED_SELECTOR = YES;
				GCC_WARN_UNINITIALIZED_AUTOS = YES_AGGRESSIVE;
				GCC_WARN_UNUSED_FUNCTION = YES;
				GCC_WARN_UNUSED_VARIABLE = YES;
				IPHONEOS_DEPLOYMENT_TARGET = 10.2;
				MTL_ENABLE_DEBUG_INFO = NO;
				SDKROOT = iphoneos;
				SWIFT_OPTIMIZATION_LEVEL = "-Owholemodule";
				VALIDATE_PRODUCT = YES;
			};
			name = Release;
		};
		40D6457C1E44304900704490 /* Debug */ = {
			isa = XCBuildConfiguration;
			buildSettings = {
				ASSETCATALOG_COMPILER_APPICON_NAME = AppIcon;
				DEVELOPMENT_TEAM = SLM6SZ8JH3;
				INFOPLIST_FILE = Shop/Info.plist;
				LD_RUNPATH_SEARCH_PATHS = "$(inherited) @executable_path/Frameworks";
				PRODUCT_BUNDLE_IDENTIFIER = com.danthought.Shop;
				PRODUCT_NAME = "$(TARGET_NAME)";
				SWIFT_VERSION = 3.0;
			};
			name = Debug;
		};
		40D6457D1E44304900704490 /* Release */ = {
			isa = XCBuildConfiguration;
			buildSettings = {
				ASSETCATALOG_COMPILER_APPICON_NAME = AppIcon;
				DEVELOPMENT_TEAM = SLM6SZ8JH3;
				INFOPLIST_FILE = Shop/Info.plist;
				LD_RUNPATH_SEARCH_PATHS = "$(inherited) @executable_path/Frameworks";
				PRODUCT_BUNDLE_IDENTIFIER = com.danthought.Shop;
				PRODUCT_NAME = "$(TARGET_NAME)";
				SWIFT_VERSION = 3.0;
			};
			name = Release;
		};
/* End XCBuildConfiguration section */

/* Begin XCConfigurationList section */
		40D645641E44304900704490 /* Build configuration list for PBXProject "Shop" */ = {
			isa = XCConfigurationList;
			buildConfigurations = (
				40D645791E44304900704490 /* Debug */,
				40D6457A1E44304900704490 /* Release */,
			);
			defaultConfigurationIsVisible = 0;
			defaultConfigurationName = Release;
		};
		40D6457B1E44304900704490 /* Build configuration list for PBXNativeTarget "Shop" */ = {
			isa = XCConfigurationList;
			buildConfigurations = (
				40D6457C1E44304900704490 /* Debug */,
				40D6457D1E44304900704490 /* Release */,
			);
			defaultConfigurationIsVisible = 0;
		};
/* End XCConfigurationList section */

/* Begin XCVersionGroup section */
		40D6459A1E4489F300704490 /* Model.xcdatamodeld */ = {
			isa = XCVersionGroup;
			children = (
				40D6459B1E4489F300704490 /* V1.xcdatamodel */,
				40D6459C1E4489F300704490 /* V2.xcdatamodel */,
			);
			currentVersion = 40D6459C1E4489F300704490 /* V2.xcdatamodel */;
			path = Model.xcdatamodeld;
			sourceTree = "<group>";
			versionGroupType = wrapper.xcdatamodel;
		};
/* End XCVersionGroup section */
	};
	rootObject = 40D645611E44304900704490 /* Project object */;
}
